# THIS IS AN AUTOGENERATED FILE. DO NOT EDIT THIS FILE DIRECTLY.
assets/theme.css.liquid:
  production: 2017-10-19T12:57:36-04:00   68829360067d2e7a81dee6f931d8c397
assets/theme.js.liquid:
  production: 2017-10-17T18:35:06-04:00   1e8a70c5cbe51153e58b771b081838ee
assets/timber.js.liquid:
  production: 2017-10-19T12:42:33-04:00   e303a8ae0e2125895277154fc0a85159
templates/product.liquid:
  production: 2017-10-19T12:42:43-04:00   1c80a2ac5f8a7d0feab8a9b7b4a6ed51
